// !$*UTF8*$!
{
	archiveVersion = 1;
	classes = {
	};
	objectVersion = 55;
	objects = {

/* Begin PBXBuildFile section */
		F403CB5028D4A0EA00FA0174 /* UserModel.swift in Sources */ = {isa = PBXBuildFile; fileRef = F403CB4F28D4A0EA00FA0174 /* UserModel.swift */; };
		F403CB5228D4A11400FA0174 /* UserService.swift in Sources */ = {isa = PBXBuildFile; fileRef = F403CB5128D4A11400FA0174 /* UserService.swift */; };
		F403CB5628D4A39600FA0174 /* Logging+AFError.swift in Sources */ = {isa = PBXBuildFile; fileRef = F403CB5528D4A39600FA0174 /* Logging+AFError.swift */; };
		F403CB5928D4A41E00FA0174 /* Logging in Frameworks */ = {isa = PBXBuildFile; productRef = F403CB5828D4A41E00FA0174 /* Logging */; };
		F403CB5B28D4A66800FA0174 /* UserViewModel.swift in Sources */ = {isa = PBXBuildFile; fileRef = F403CB5A28D4A66800FA0174 /* UserViewModel.swift */; };
		F403CB5D28D4A78700FA0174 /* UserView.swift in Sources */ = {isa = PBXBuildFile; fileRef = F403CB5C28D4A78700FA0174 /* UserView.swift */; };
		F43F29EF28D6398600503FE6 /* MarketHomeView.swift in Sources */ = {isa = PBXBuildFile; fileRef = F43F29EE28D6398600503FE6 /* MarketHomeView.swift */; };
		F43F29F428D639BE00503FE6 /* MarketItem.swift in Sources */ = {isa = PBXBuildFile; fileRef = F43F29F328D639BE00503FE6 /* MarketItem.swift */; };
		F43F29F628D63C1900503FE6 /* MarketViewModal.swift in Sources */ = {isa = PBXBuildFile; fileRef = F43F29F528D63C1900503FE6 /* MarketViewModal.swift */; };
		F4A3319428D64637001983B2 /* MarketDetailView.swift in Sources */ = {isa = PBXBuildFile; fileRef = F4A3319328D64637001983B2 /* MarketDetailView.swift */; };
		F4A3319628D6465E001983B2 /* MarketDeetailViewModel.swift in Sources */ = {isa = PBXBuildFile; fileRef = F4A3319528D6465E001983B2 /* MarketDeetailViewModel.swift */; };
		F4A3319828D64D0B001983B2 /* Navigation+View.swift in Sources */ = {isa = PBXBuildFile; fileRef = F4A3319728D64D0B001983B2 /* Navigation+View.swift */; };
		F4AFFB9928CCA96500A6BC66 /* Kingfisher in Frameworks */ = {isa = PBXBuildFile; productRef = F4AFFB9828CCA96500A6BC66 /* Kingfisher */; };
		F4AFFB9D28CCB05F00A6BC66 /* CircleTextImageView.swift in Sources */ = {isa = PBXBuildFile; fileRef = F4AFFB9C28CCB05F00A6BC66 /* CircleTextImageView.swift */; };
		F4AFFBA028CE5B3F00A6BC66 /* SampleListView.swift in Sources */ = {isa = PBXBuildFile; fileRef = F4AFFB9F28CE5B3F00A6BC66 /* SampleListView.swift */; };
		F4AFFBA328CF3B2F00A6BC66 /* ModelListView.swift in Sources */ = {isa = PBXBuildFile; fileRef = F4AFFBA228CF3B2F00A6BC66 /* ModelListView.swift */; };
		F4AFFBA528CF3B6000A6BC66 /* TweetModel.swift in Sources */ = {isa = PBXBuildFile; fileRef = F4AFFBA428CF3B6000A6BC66 /* TweetModel.swift */; };
		F4AFFBA728CF3ECE00A6BC66 /* TweetCards.swift in Sources */ = {isa = PBXBuildFile; fileRef = F4AFFBA628CF3ECE00A6BC66 /* TweetCards.swift */; };
		F4AFFBAA28CF484000A6BC66 /* NavigationUsers.swift in Sources */ = {isa = PBXBuildFile; fileRef = F4AFFBA928CF484000A6BC66 /* NavigationUsers.swift */; };
		F4AFFBAC28CF486D00A6BC66 /* NavigationUserModel.swift in Sources */ = {isa = PBXBuildFile; fileRef = F4AFFBAB28CF486D00A6BC66 /* NavigationUserModel.swift */; };
		F4AFFBAE28CF4B8100A6BC66 /* UserViewDetail.swift in Sources */ = {isa = PBXBuildFile; fileRef = F4AFFBAD28CF4B8100A6BC66 /* UserViewDetail.swift */; };
		F4AFFBB128D08F5F00A6BC66 /* CustomTabView.swift in Sources */ = {isa = PBXBuildFile; fileRef = F4AFFBB028D08F5F00A6BC66 /* CustomTabView.swift */; };
		F4AFFBB328D093CC00A6BC66 /* CustomTabIndex.swift in Sources */ = {isa = PBXBuildFile; fileRef = F4AFFBB228D093CC00A6BC66 /* CustomTabIndex.swift */; };
		F4DB062728BFF9AF005EEB21 /* swiftuilearnApp.swift in Sources */ = {isa = PBXBuildFile; fileRef = F4DB062628BFF9AF005EEB21 /* swiftuilearnApp.swift */; };
		F4DB062928BFF9AF005EEB21 /* ContentView.swift in Sources */ = {isa = PBXBuildFile; fileRef = F4DB062828BFF9AF005EEB21 /* ContentView.swift */; };
		F4DB062B28BFF9AF005EEB21 /* Assets.xcassets in Resources */ = {isa = PBXBuildFile; fileRef = F4DB062A28BFF9AF005EEB21 /* Assets.xcassets */; };
		F4DB062E28BFF9AF005EEB21 /* Preview Assets.xcassets in Resources */ = {isa = PBXBuildFile; fileRef = F4DB062D28BFF9AF005EEB21 /* Preview Assets.xcassets */; };
		F4F7CA8728D2347200C35C4D /* Enviroment.swift in Sources */ = {isa = PBXBuildFile; fileRef = F4F7CA8628D2347200C35C4D /* Enviroment.swift */; };
		F4F7CA9528D23CCF00C35C4D /* RandomFoxView.swift in Sources */ = {isa = PBXBuildFile; fileRef = F4F7CA9428D23CCF00C35C4D /* RandomFoxView.swift */; };
		F4F7CA9728D2418900C35C4D /* FoxModel.swift in Sources */ = {isa = PBXBuildFile; fileRef = F4F7CA9628D2418900C35C4D /* FoxModel.swift */; };
		F4F7CA9928D241C400C35C4D /* FoxService.swift in Sources */ = {isa = PBXBuildFile; fileRef = F4F7CA9828D241C400C35C4D /* FoxService.swift */; };
		F4F7CA9C28D2427E00C35C4D /* Alamofire in Frameworks */ = {isa = PBXBuildFile; productRef = F4F7CA9B28D2427E00C35C4D /* Alamofire */; };
		F4F7CA9E28D2450500C35C4D /* FoxViewModal.swift in Sources */ = {isa = PBXBuildFile; fileRef = F4F7CA9D28D2450500C35C4D /* FoxViewModal.swift */; };
		F4F7CAA128D2479800C35C4D /* ActivityIndicatorView in Frameworks */ = {isa = PBXBuildFile; productRef = F4F7CAA028D2479800C35C4D /* ActivityIndicatorView */; };
/* End PBXBuildFile section */

/* Begin PBXFileReference section */
		F403CB4F28D4A0EA00FA0174 /* UserModel.swift */ = {isa = PBXFileReference; lastKnownFileType = sourcecode.swift; path = UserModel.swift; sourceTree = "<group>"; };
		F403CB5128D4A11400FA0174 /* UserService.swift */ = {isa = PBXFileReference; lastKnownFileType = sourcecode.swift; path = UserService.swift; sourceTree = "<group>"; };
		F403CB5528D4A39600FA0174 /* Logging+AFError.swift */ = {isa = PBXFileReference; lastKnownFileType = sourcecode.swift; path = "Logging+AFError.swift"; sourceTree = "<group>"; };
		F403CB5A28D4A66800FA0174 /* UserViewModel.swift */ = {isa = PBXFileReference; lastKnownFileType = sourcecode.swift; path = UserViewModel.swift; sourceTree = "<group>"; };
		F403CB5C28D4A78700FA0174 /* UserView.swift */ = {isa = PBXFileReference; lastKnownFileType = sourcecode.swift; path = UserView.swift; sourceTree = "<group>"; };
		F43F29EE28D6398600503FE6 /* MarketHomeView.swift */ = {isa = PBXFileReference; lastKnownFileType = sourcecode.swift; path = MarketHomeView.swift; sourceTree = "<group>"; };
		F43F29F328D639BE00503FE6 /* MarketItem.swift */ = {isa = PBXFileReference; lastKnownFileType = sourcecode.swift; path = MarketItem.swift; sourceTree = "<group>"; };
		F43F29F528D63C1900503FE6 /* MarketViewModal.swift */ = {isa = PBXFileReference; lastKnownFileType = sourcecode.swift; path = MarketViewModal.swift; sourceTree = "<group>"; };
		F4A3319328D64637001983B2 /* MarketDetailView.swift */ = {isa = PBXFileReference; lastKnownFileType = sourcecode.swift; path = MarketDetailView.swift; sourceTree = "<group>"; };
		F4A3319528D6465E001983B2 /* MarketDeetailViewModel.swift */ = {isa = PBXFileReference; lastKnownFileType = sourcecode.swift; path = MarketDeetailViewModel.swift; sourceTree = "<group>"; };
		F4A3319728D64D0B001983B2 /* Navigation+View.swift */ = {isa = PBXFileReference; lastKnownFileType = sourcecode.swift; path = "Navigation+View.swift"; sourceTree = "<group>"; };
		F4AFFB9C28CCB05F00A6BC66 /* CircleTextImageView.swift */ = {isa = PBXFileReference; lastKnownFileType = sourcecode.swift; path = CircleTextImageView.swift; sourceTree = "<group>"; };
		F4AFFB9F28CE5B3F00A6BC66 /* SampleListView.swift */ = {isa = PBXFileReference; lastKnownFileType = sourcecode.swift; path = SampleListView.swift; sourceTree = "<group>"; };
		F4AFFBA228CF3B2F00A6BC66 /* ModelListView.swift */ = {isa = PBXFileReference; lastKnownFileType = sourcecode.swift; path = ModelListView.swift; sourceTree = "<group>"; };
		F4AFFBA428CF3B6000A6BC66 /* TweetModel.swift */ = {isa = PBXFileReference; lastKnownFileType = sourcecode.swift; path = TweetModel.swift; sourceTree = "<group>"; };
		F4AFFBA628CF3ECE00A6BC66 /* TweetCards.swift */ = {isa = PBXFileReference; lastKnownFileType = sourcecode.swift; path = TweetCards.swift; sourceTree = "<group>"; };
		F4AFFBA928CF484000A6BC66 /* NavigationUsers.swift */ = {isa = PBXFileReference; lastKnownFileType = sourcecode.swift; path = NavigationUsers.swift; sourceTree = "<group>"; };
		F4AFFBAB28CF486D00A6BC66 /* NavigationUserModel.swift */ = {isa = PBXFileReference; lastKnownFileType = sourcecode.swift; path = NavigationUserModel.swift; sourceTree = "<group>"; };
		F4AFFBAD28CF4B8100A6BC66 /* UserViewDetail.swift */ = {isa = PBXFileReference; lastKnownFileType = sourcecode.swift; path = UserViewDetail.swift; sourceTree = "<group>"; };
		F4AFFBB028D08F5F00A6BC66 /* CustomTabView.swift */ = {isa = PBXFileReference; lastKnownFileType = sourcecode.swift; path = CustomTabView.swift; sourceTree = "<group>"; };
		F4AFFBB228D093CC00A6BC66 /* CustomTabIndex.swift */ = {isa = PBXFileReference; lastKnownFileType = sourcecode.swift; path = CustomTabIndex.swift; sourceTree = "<group>"; };
		F4DB062328BFF9AF005EEB21 /* swiftuilearn.app */ = {isa = PBXFileReference; explicitFileType = wrapper.application; includeInIndex = 0; path = swiftuilearn.app; sourceTree = BUILT_PRODUCTS_DIR; };
		F4DB062628BFF9AF005EEB21 /* swiftuilearnApp.swift */ = {isa = PBXFileReference; lastKnownFileType = sourcecode.swift; path = swiftuilearnApp.swift; sourceTree = "<group>"; };
		F4DB062828BFF9AF005EEB21 /* ContentView.swift */ = {isa = PBXFileReference; lastKnownFileType = sourcecode.swift; path = ContentView.swift; sourceTree = "<group>"; };
		F4DB062A28BFF9AF005EEB21 /* Assets.xcassets */ = {isa = PBXFileReference; lastKnownFileType = folder.assetcatalog; path = Assets.xcassets; sourceTree = "<group>"; };
		F4DB062D28BFF9AF005EEB21 /* Preview Assets.xcassets */ = {isa = PBXFileReference; lastKnownFileType = folder.assetcatalog; path = "Preview Assets.xcassets"; sourceTree = "<group>"; };
		F4F7CA8628D2347200C35C4D /* Enviroment.swift */ = {isa = PBXFileReference; lastKnownFileType = sourcecode.swift; path = Enviroment.swift; sourceTree = "<group>"; };
		F4F7CA9428D23CCF00C35C4D /* RandomFoxView.swift */ = {isa = PBXFileReference; lastKnownFileType = sourcecode.swift; path = RandomFoxView.swift; sourceTree = "<group>"; };
		F4F7CA9628D2418900C35C4D /* FoxModel.swift */ = {isa = PBXFileReference; lastKnownFileType = sourcecode.swift; path = FoxModel.swift; sourceTree = "<group>"; };
		F4F7CA9828D241C400C35C4D /* FoxService.swift */ = {isa = PBXFileReference; lastKnownFileType = sourcecode.swift; path = FoxService.swift; sourceTree = "<group>"; };
		F4F7CA9D28D2450500C35C4D /* FoxViewModal.swift */ = {isa = PBXFileReference; lastKnownFileType = sourcecode.swift; path = FoxViewModal.swift; sourceTree = "<group>"; };
/* End PBXFileReference section */

/* Begin PBXFrameworksBuildPhase section */
		F4DB062028BFF9AF005EEB21 /* Frameworks */ = {
			isa = PBXFrameworksBuildPhase;
			buildActionMask = 2147483647;
			files = (
				F4AFFB9928CCA96500A6BC66 /* Kingfisher in Frameworks */,
				F4F7CAA128D2479800C35C4D /* ActivityIndicatorView in Frameworks */,
				F403CB5928D4A41E00FA0174 /* Logging in Frameworks */,
				F4F7CA9C28D2427E00C35C4D /* Alamofire in Frameworks */,
			);
			runOnlyForDeploymentPostprocessing = 0;
		};
/* End PBXFrameworksBuildPhase section */

/* Begin PBXGroup section */
		F403CB4A28D4A07D00FA0174 /* ReqResViewModel */ = {
			isa = PBXGroup;
			children = (
				F403CB4E28D4A09A00FA0174 /* Service */,
				F403CB4D28D4A09500FA0174 /* Model */,
				F403CB4C28D4A09000FA0174 /* ViewModel */,
				F403CB4B28D4A08A00FA0174 /* View */,
			);
			path = ReqResViewModel;
			sourceTree = "<group>";
		};
		F403CB4B28D4A08A00FA0174 /* View */ = {
			isa = PBXGroup;
			children = (
				F403CB5C28D4A78700FA0174 /* UserView.swift */,
			);
			path = View;
			sourceTree = "<group>";
		};
		F403CB4C28D4A09000FA0174 /* ViewModel */ = {
			isa = PBXGroup;
			children = (
				F403CB5A28D4A66800FA0174 /* UserViewModel.swift */,
			);
			path = ViewModel;
			sourceTree = "<group>";
		};
		F403CB4D28D4A09500FA0174 /* Model */ = {
			isa = PBXGroup;
			children = (
				F403CB4F28D4A0EA00FA0174 /* UserModel.swift */,
			);
			path = Model;
			sourceTree = "<group>";
		};
		F403CB4E28D4A09A00FA0174 /* Service */ = {
			isa = PBXGroup;
			children = (
				F403CB5128D4A11400FA0174 /* UserService.swift */,
			);
			path = Service;
			sourceTree = "<group>";
		};
		F403CB5328D4A37100FA0174 /* Core */ = {
			isa = PBXGroup;
			children = (
				F403CB5428D4A37400FA0174 /* Extension */,
			);
			path = Core;
			sourceTree = "<group>";
		};
		F403CB5428D4A37400FA0174 /* Extension */ = {
			isa = PBXGroup;
			children = (
				F403CB5528D4A39600FA0174 /* Logging+AFError.swift */,
				F4A3319728D64D0B001983B2 /* Navigation+View.swift */,
			);
			path = Extension;
			sourceTree = "<group>";
		};
		F43F29EB28D6395B00503FE6 /* Market */ = {
			isa = PBXGroup;
			children = (
				F43F29ED28D6396A00503FE6 /* HomeDetail */,
				F43F29EC28D6396500503FE6 /* Home */,
			);
			path = Market;
			sourceTree = "<group>";
		};
		F43F29EC28D6396500503FE6 /* Home */ = {
			isa = PBXGroup;
			children = (
				F43F29F228D639B200503FE6 /* Model */,
				F43F29F128D639AA00503FE6 /* View */,
				F43F29F028D6399E00503FE6 /* ViewModel */,
			);
			path = Home;
			sourceTree = "<group>";
		};
		F43F29ED28D6396A00503FE6 /* HomeDetail */ = {
			isa = PBXGroup;
			children = (
				F4A3319328D64637001983B2 /* MarketDetailView.swift */,
				F4A3319528D6465E001983B2 /* MarketDeetailViewModel.swift */,
			);
			path = HomeDetail;
			sourceTree = "<group>";
		};
		F43F29F028D6399E00503FE6 /* ViewModel */ = {
			isa = PBXGroup;
			children = (
				F43F29F528D63C1900503FE6 /* MarketViewModal.swift */,
			);
			path = ViewModel;
			sourceTree = "<group>";
		};
		F43F29F128D639AA00503FE6 /* View */ = {
			isa = PBXGroup;
			children = (
				F43F29EE28D6398600503FE6 /* MarketHomeView.swift */,
			);
			path = View;
			sourceTree = "<group>";
		};
		F43F29F228D639B200503FE6 /* Model */ = {
			isa = PBXGroup;
			children = (
				F43F29F328D639BE00503FE6 /* MarketItem.swift */,
			);
			path = Model;
			sourceTree = "<group>";
		};
		F4AFFB9A28CCAE1E00A6BC66 /* View */ = {
			isa = PBXGroup;
			children = (
				F4AFFB9B28CCB00600A6BC66 /* Circle */,
			);
			path = View;
			sourceTree = "<group>";
		};
		F4AFFB9B28CCB00600A6BC66 /* Circle */ = {
			isa = PBXGroup;
			children = (
				F4AFFB9C28CCB05F00A6BC66 /* CircleTextImageView.swift */,
			);
			path = Circle;
			sourceTree = "<group>";
		};
		F4AFFB9E28CE5B2400A6BC66 /* Features */ = {
			isa = PBXGroup;
			children = (
				F43F29EB28D6395B00503FE6 /* Market */,
				F403CB4A28D4A07D00FA0174 /* ReqResViewModel */,
				F4F7CA8E28D23C9400C35C4D /* FoxViewModel */,
				F4AFFBAF28D08F4800A6BC66 /* CustomTabView */,
				F4AFFBA828CF481E00A6BC66 /* Navigation */,
				F4AFFBA128CF3B1D00A6BC66 /* ModelList */,
				F4AFFB9F28CE5B3F00A6BC66 /* SampleListView.swift */,
				F4F7CA8628D2347200C35C4D /* Enviroment.swift */,
			);
			path = Features;
			sourceTree = "<group>";
		};
		F4AFFBA128CF3B1D00A6BC66 /* ModelList */ = {
			isa = PBXGroup;
			children = (
				F4AFFBA228CF3B2F00A6BC66 /* ModelListView.swift */,
				F4AFFBA428CF3B6000A6BC66 /* TweetModel.swift */,
				F4AFFBA628CF3ECE00A6BC66 /* TweetCards.swift */,
			);
			path = ModelList;
			sourceTree = "<group>";
		};
		F4AFFBA828CF481E00A6BC66 /* Navigation */ = {
			isa = PBXGroup;
			children = (
				F4AFFBA928CF484000A6BC66 /* NavigationUsers.swift */,
				F4AFFBAB28CF486D00A6BC66 /* NavigationUserModel.swift */,
				F4AFFBAD28CF4B8100A6BC66 /* UserViewDetail.swift */,
			);
			path = Navigation;
			sourceTree = "<group>";
		};
		F4AFFBAF28D08F4800A6BC66 /* CustomTabView */ = {
			isa = PBXGroup;
			children = (
				F4AFFBB028D08F5F00A6BC66 /* CustomTabView.swift */,
				F4AFFBB228D093CC00A6BC66 /* CustomTabIndex.swift */,
			);
			path = CustomTabView;
			sourceTree = "<group>";
		};
		F4DB061A28BFF9AF005EEB21 = {
			isa = PBXGroup;
			children = (
				F4DB062528BFF9AF005EEB21 /* swiftuilearn */,
				F4DB062428BFF9AF005EEB21 /* Products */,
			);
			sourceTree = "<group>";
		};
		F4DB062428BFF9AF005EEB21 /* Products */ = {
			isa = PBXGroup;
			children = (
				F4DB062328BFF9AF005EEB21 /* swiftuilearn.app */,
			);
			name = Products;
			sourceTree = "<group>";
		};
		F4DB062528BFF9AF005EEB21 /* swiftuilearn */ = {
			isa = PBXGroup;
			children = (
				F403CB5328D4A37100FA0174 /* Core */,
				F4AFFB9E28CE5B2400A6BC66 /* Features */,
				F4AFFB9A28CCAE1E00A6BC66 /* View */,
				F4DB062628BFF9AF005EEB21 /* swiftuilearnApp.swift */,
				F4DB062828BFF9AF005EEB21 /* ContentView.swift */,
				F4DB062A28BFF9AF005EEB21 /* Assets.xcassets */,
				F4DB062C28BFF9AF005EEB21 /* Preview Content */,
			);
			path = swiftuilearn;
			sourceTree = "<group>";
		};
		F4DB062C28BFF9AF005EEB21 /* Preview Content */ = {
			isa = PBXGroup;
			children = (
				F4DB062D28BFF9AF005EEB21 /* Preview Assets.xcassets */,
			);
			path = "Preview Content";
			sourceTree = "<group>";
		};
		F4F7CA8E28D23C9400C35C4D /* FoxViewModel */ = {
			isa = PBXGroup;
			children = (
				F4F7CA9228D23CB900C35C4D /* ViewModel */,
				F4F7CA9128D23CB200C35C4D /* Service */,
				F4F7CA9028D23CAA00C35C4D /* Model */,
				F4F7CA8F28D23C9E00C35C4D /* View */,
			);
			path = FoxViewModel;
			sourceTree = "<group>";
		};
		F4F7CA8F28D23C9E00C35C4D /* View */ = {
			isa = PBXGroup;
			children = (
				F4F7CA9428D23CCF00C35C4D /* RandomFoxView.swift */,
			);
			path = View;
			sourceTree = "<group>";
		};
		F4F7CA9028D23CAA00C35C4D /* Model */ = {
			isa = PBXGroup;
			children = (
				F4F7CA9628D2418900C35C4D /* FoxModel.swift */,
			);
			path = Model;
			sourceTree = "<group>";
		};
		F4F7CA9128D23CB200C35C4D /* Service */ = {
			isa = PBXGroup;
			children = (
				F4F7CA9828D241C400C35C4D /* FoxService.swift */,
			);
			path = Service;
			sourceTree = "<group>";
		};
		F4F7CA9228D23CB900C35C4D /* ViewModel */ = {
			isa = PBXGroup;
			children = (
				F4F7CA9D28D2450500C35C4D /* FoxViewModal.swift */,
			);
			path = ViewModel;
			sourceTree = "<group>";
		};
/* End PBXGroup section */

/* Begin PBXNativeTarget section */
		F4DB062228BFF9AF005EEB21 /* swiftuilearn */ = {
			isa = PBXNativeTarget;
			buildConfigurationList = F4DB063128BFF9AF005EEB21 /* Build configuration list for PBXNativeTarget "swiftuilearn" */;
			buildPhases = (
				F4DB061F28BFF9AF005EEB21 /* Sources */,
				F4DB062028BFF9AF005EEB21 /* Frameworks */,
				F4DB062128BFF9AF005EEB21 /* Resources */,
			);
			buildRules = (
			);
			dependencies = (
			);
			name = swiftuilearn;
			packageProductDependencies = (
				F4AFFB9828CCA96500A6BC66 /* Kingfisher */,
				F4F7CA9B28D2427E00C35C4D /* Alamofire */,
				F4F7CAA028D2479800C35C4D /* ActivityIndicatorView */,
				F403CB5828D4A41E00FA0174 /* Logging */,
			);
			productName = swiftuilearn;
			productReference = F4DB062328BFF9AF005EEB21 /* swiftuilearn.app */;
			productType = "com.apple.product-type.application";
		};
/* End PBXNativeTarget section */

/* Begin PBXProject section */
		F4DB061B28BFF9AF005EEB21 /* Project object */ = {
			isa = PBXProject;
			attributes = {
				BuildIndependentTargetsInParallel = 1;
				LastSwiftUpdateCheck = 1340;
				LastUpgradeCheck = 1340;
				TargetAttributes = {
					F4DB062228BFF9AF005EEB21 = {
						CreatedOnToolsVersion = 13.4.1;
					};
				};
			};
			buildConfigurationList = F4DB061E28BFF9AF005EEB21 /* Build configuration list for PBXProject "swiftuilearn" */;
			compatibilityVersion = "Xcode 13.0";
			developmentRegion = en;
			hasScannedForEncodings = 0;
			knownRegions = (
				en,
				Base,
			);
			mainGroup = F4DB061A28BFF9AF005EEB21;
			packageReferences = (
				F4AFFB9728CCA96500A6BC66 /* XCRemoteSwiftPackageReference "Kingfisher" */,
				F4F7CA9A28D2427E00C35C4D /* XCRemoteSwiftPackageReference "Alamofire" */,
				F4F7CA9F28D2479800C35C4D /* XCRemoteSwiftPackageReference "ActivityIndicatorView" */,
				F403CB5728D4A41E00FA0174 /* XCRemoteSwiftPackageReference "swift-log" */,
			);
			productRefGroup = F4DB062428BFF9AF005EEB21 /* Products */;
			projectDirPath = "";
			projectRoot = "";
			targets = (
				F4DB062228BFF9AF005EEB21 /* swiftuilearn */,
			);
		};
/* End PBXProject section */

/* Begin PBXResourcesBuildPhase section */
		F4DB062128BFF9AF005EEB21 /* Resources */ = {
			isa = PBXResourcesBuildPhase;
			buildActionMask = 2147483647;
			files = (
				F4DB062E28BFF9AF005EEB21 /* Preview Assets.xcassets in Resources */,
				F4DB062B28BFF9AF005EEB21 /* Assets.xcassets in Resources */,
			);
			runOnlyForDeploymentPostprocessing = 0;
		};
/* End PBXResourcesBuildPhase section */

/* Begin PBXSourcesBuildPhase section */
		F4DB061F28BFF9AF005EEB21 /* Sources */ = {
			isa = PBXSourcesBuildPhase;
			buildActionMask = 2147483647;
			files = (
				F4AFFBAE28CF4B8100A6BC66 /* UserViewDetail.swift in Sources */,
				F4F7CA9728D2418900C35C4D /* FoxModel.swift in Sources */,
				F4A3319828D64D0B001983B2 /* Navigation+View.swift in Sources */,
				F4AFFBA028CE5B3F00A6BC66 /* SampleListView.swift in Sources */,
				F4DB062928BFF9AF005EEB21 /* ContentView.swift in Sources */,
				F4AFFBAA28CF484000A6BC66 /* NavigationUsers.swift in Sources */,
				F4A3319428D64637001983B2 /* MarketDetailView.swift in Sources */,
				F4AFFB9D28CCB05F00A6BC66 /* CircleTextImageView.swift in Sources */,
				F4F7CA9528D23CCF00C35C4D /* RandomFoxView.swift in Sources */,
				F43F29F628D63C1900503FE6 /* MarketViewModal.swift in Sources */,
				F403CB5628D4A39600FA0174 /* Logging+AFError.swift in Sources */,
				F4AFFBA528CF3B6000A6BC66 /* TweetModel.swift in Sources */,
				F4AFFBA728CF3ECE00A6BC66 /* TweetCards.swift in Sources */,
				F4F7CA9928D241C400C35C4D /* FoxService.swift in Sources */,
				F403CB5D28D4A78700FA0174 /* UserView.swift in Sources */,
				F43F29EF28D6398600503FE6 /* MarketHomeView.swift in Sources */,
				F4AFFBB128D08F5F00A6BC66 /* CustomTabView.swift in Sources */,
				F4F7CA9E28D2450500C35C4D /* FoxViewModal.swift in Sources */,
				F4DB062728BFF9AF005EEB21 /* swiftuilearnApp.swift in Sources */,
				F403CB5228D4A11400FA0174 /* UserService.swift in Sources */,
				F4AFFBB328D093CC00A6BC66 /* CustomTabIndex.swift in Sources */,
				F4A3319628D6465E001983B2 /* MarketDeetailViewModel.swift in Sources */,
				F4AFFBAC28CF486D00A6BC66 /* NavigationUserModel.swift in Sources */,
				F4AFFBA328CF3B2F00A6BC66 /* ModelListView.swift in Sources */,
				F403CB5028D4A0EA00FA0174 /* UserModel.swift in Sources */,
				F403CB5B28D4A66800FA0174 /* UserViewModel.swift in Sources */,
				F43F29F428D639BE00503FE6 /* MarketItem.swift in Sources */,
				F4F7CA8728D2347200C35C4D /* Enviroment.swift in Sources */,
			);
			runOnlyForDeploymentPostprocessing = 0;
		};
/* End PBXSourcesBuildPhase section */

/* Begin XCBuildConfiguration section */
		F4DB062F28BFF9AF005EEB21 /* Debug */ = {
			isa = XCBuildConfiguration;
			buildSettings = {
				ALWAYS_SEARCH_USER_PATHS = NO;
				CLANG_ANALYZER_NONNULL = YES;
				CLANG_ANALYZER_NUMBER_OBJECT_CONVERSION = YES_AGGRESSIVE;
				CLANG_CXX_LANGUAGE_STANDARD = "gnu++17";
				CLANG_ENABLE_MODULES = YES;
				CLANG_ENABLE_OBJC_ARC = YES;
				CLANG_ENABLE_OBJC_WEAK = YES;
				CLANG_WARN_BLOCK_CAPTURE_AUTORELEASING = YES;
				CLANG_WARN_BOOL_CONVERSION = YES;
				CLANG_WARN_COMMA = YES;
				CLANG_WARN_CONSTANT_CONVERSION = YES;
				CLANG_WARN_DEPRECATED_OBJC_IMPLEMENTATIONS = YES;
				CLANG_WARN_DIRECT_OBJC_ISA_USAGE = YES_ERROR;
				CLANG_WARN_DOCUMENTATION_COMMENTS = YES;
				CLANG_WARN_EMPTY_BODY = YES;
				CLANG_WARN_ENUM_CONVERSION = YES;
				CLANG_WARN_INFINITE_RECURSION = YES;
				CLANG_WARN_INT_CONVERSION = YES;
				CLANG_WARN_NON_LITERAL_NULL_CONVERSION = YES;
				CLANG_WARN_OBJC_IMPLICIT_RETAIN_SELF = YES;
				CLANG_WARN_OBJC_LITERAL_CONVERSION = YES;
				CLANG_WARN_OBJC_ROOT_CLASS = YES_ERROR;
				CLANG_WARN_QUOTED_INCLUDE_IN_FRAMEWORK_HEADER = YES;
				CLANG_WARN_RANGE_LOOP_ANALYSIS = YES;
				CLANG_WARN_STRICT_PROTOTYPES = YES;
				CLANG_WARN_SUSPICIOUS_MOVE = YES;
				CLANG_WARN_UNGUARDED_AVAILABILITY = YES_AGGRESSIVE;
				CLANG_WARN_UNREACHABLE_CODE = YES;
				CLANG_WARN__DUPLICATE_METHOD_MATCH = YES;
				COPY_PHASE_STRIP = NO;
				DEBUG_INFORMATION_FORMAT = dwarf;
				ENABLE_STRICT_OBJC_MSGSEND = YES;
				ENABLE_TESTABILITY = YES;
				GCC_C_LANGUAGE_STANDARD = gnu11;
				GCC_DYNAMIC_NO_PIC = NO;
				GCC_NO_COMMON_BLOCKS = YES;
				GCC_OPTIMIZATION_LEVEL = 0;
				GCC_PREPROCESSOR_DEFINITIONS = (
					"DEBUG=1",
					"$(inherited)",
				);
				GCC_WARN_64_TO_32_BIT_CONVERSION = YES;
				GCC_WARN_ABOUT_RETURN_TYPE = YES_ERROR;
				GCC_WARN_UNDECLARED_SELECTOR = YES;
				GCC_WARN_UNINITIALIZED_AUTOS = YES_AGGRESSIVE;
				GCC_WARN_UNUSED_FUNCTION = YES;
				GCC_WARN_UNUSED_VARIABLE = YES;
				IPHONEOS_DEPLOYMENT_TARGET = 15.5;
				MTL_ENABLE_DEBUG_INFO = INCLUDE_SOURCE;
				MTL_FAST_MATH = YES;
				ONLY_ACTIVE_ARCH = YES;
				SDKROOT = iphoneos;
				SWIFT_ACTIVE_COMPILATION_CONDITIONS = DEBUG;
				SWIFT_OPTIMIZATION_LEVEL = "-Onone";
			};
			name = Debug;
		};
		F4DB063028BFF9AF005EEB21 /* Release */ = {
			isa = XCBuildConfiguration;
			buildSettings = {
				ALWAYS_SEARCH_USER_PATHS = NO;
				CLANG_ANALYZER_NONNULL = YES;
				CLANG_ANALYZER_NUMBER_OBJECT_CONVERSION = YES_AGGRESSIVE;
				CLANG_CXX_LANGUAGE_STANDARD = "gnu++17";
				CLANG_ENABLE_MODULES = YES;
				CLANG_ENABLE_OBJC_ARC = YES;
				CLANG_ENABLE_OBJC_WEAK = YES;
				CLANG_WARN_BLOCK_CAPTURE_AUTORELEASING = YES;
				CLANG_WARN_BOOL_CONVERSION = YES;
				CLANG_WARN_COMMA = YES;
				CLANG_WARN_CONSTANT_CONVERSION = YES;
				CLANG_WARN_DEPRECATED_OBJC_IMPLEMENTATIONS = YES;
				CLANG_WARN_DIRECT_OBJC_ISA_USAGE = YES_ERROR;
				CLANG_WARN_DOCUMENTATION_COMMENTS = YES;
				CLANG_WARN_EMPTY_BODY = YES;
				CLANG_WARN_ENUM_CONVERSION = YES;
				CLANG_WARN_INFINITE_RECURSION = YES;
				CLANG_WARN_INT_CONVERSION = YES;
				CLANG_WARN_NON_LITERAL_NULL_CONVERSION = YES;
				CLANG_WARN_OBJC_IMPLICIT_RETAIN_SELF = YES;
				CLANG_WARN_OBJC_LITERAL_CONVERSION = YES;
				CLANG_WARN_OBJC_ROOT_CLASS = YES_ERROR;
				CLANG_WARN_QUOTED_INCLUDE_IN_FRAMEWORK_HEADER = YES;
				CLANG_WARN_RANGE_LOOP_ANALYSIS = YES;
				CLANG_WARN_STRICT_PROTOTYPES = YES;
				CLANG_WARN_SUSPICIOUS_MOVE = YES;
				CLANG_WARN_UNGUARDED_AVAILABILITY = YES_AGGRESSIVE;
				CLANG_WARN_UNREACHABLE_CODE = YES;
				CLANG_WARN__DUPLICATE_METHOD_MATCH = YES;
				COPY_PHASE_STRIP = NO;
				DEBUG_INFORMATION_FORMAT = "dwarf-with-dsym";
				ENABLE_NS_ASSERTIONS = NO;
				ENABLE_STRICT_OBJC_MSGSEND = YES;
				GCC_C_LANGUAGE_STANDARD = gnu11;
				GCC_NO_COMMON_BLOCKS = YES;
				GCC_WARN_64_TO_32_BIT_CONVERSION = YES;
				GCC_WARN_ABOUT_RETURN_TYPE = YES_ERROR;
				GCC_WARN_UNDECLARED_SELECTOR = YES;
				GCC_WARN_UNINITIALIZED_AUTOS = YES_AGGRESSIVE;
				GCC_WARN_UNUSED_FUNCTION = YES;
				GCC_WARN_UNUSED_VARIABLE = YES;
				IPHONEOS_DEPLOYMENT_TARGET = 15.5;
				MTL_ENABLE_DEBUG_INFO = NO;
				MTL_FAST_MATH = YES;
				SDKROOT = iphoneos;
				SWIFT_COMPILATION_MODE = wholemodule;
				SWIFT_OPTIMIZATION_LEVEL = "-O";
				VALIDATE_PRODUCT = YES;
			};
			name = Release;
		};
		F4DB063228BFF9AF005EEB21 /* Debug */ = {
			isa = XCBuildConfiguration;
			buildSettings = {
				ASSETCATALOG_COMPILER_APPICON_NAME = AppIcon;
				ASSETCATALOG_COMPILER_GLOBAL_ACCENT_COLOR_NAME = AccentColor;
				CODE_SIGN_STYLE = Automatic;
				CURRENT_PROJECT_VERSION = 1;
				DEVELOPMENT_ASSET_PATHS = "\"swiftuilearn/Preview Content\"";
				DEVELOPMENT_TEAM = X425X55S2R;
				ENABLE_PREVIEWS = YES;
				GENERATE_INFOPLIST_FILE = YES;
				INFOPLIST_KEY_UIApplicationSceneManifest_Generation = YES;
				INFOPLIST_KEY_UIApplicationSupportsIndirectInputEvents = YES;
				INFOPLIST_KEY_UILaunchScreen_Generation = YES;
				INFOPLIST_KEY_UISupportedInterfaceOrientations_iPad = "UIInterfaceOrientationPortrait UIInterfaceOrientationPortraitUpsideDown UIInterfaceOrientationLandscapeLeft UIInterfaceOrientationLandscapeRight";
				INFOPLIST_KEY_UISupportedInterfaceOrientations_iPhone = "UIInterfaceOrientationPortrait UIInterfaceOrientationLandscapeLeft UIInterfaceOrientationLandscapeRight";
				LD_RUNPATH_SEARCH_PATHS = (
					"$(inherited)",
					"@executable_path/Frameworks",
				);
				MARKETING_VERSION = 1.0;
				PRODUCT_BUNDLE_IDENTIFIER = com.ataemirkaba.swiftuilearn;
				PRODUCT_NAME = "$(TARGET_NAME)";
				SWIFT_EMIT_LOC_STRINGS = YES;
				SWIFT_VERSION = 5.0;
				TARGETED_DEVICE_FAMILY = 1;
			};
			name = Debug;
		};
		F4DB063328BFF9AF005EEB21 /* Release */ = {
			isa = XCBuildConfiguration;
			buildSettings = {
				ASSETCATALOG_COMPILER_APPICON_NAME = AppIcon;
				ASSETCATALOG_COMPILER_GLOBAL_ACCENT_COLOR_NAME = AccentColor;
				CODE_SIGN_STYLE = Automatic;
				CURRENT_PROJECT_VERSION = 1;
				DEVELOPMENT_ASSET_PATHS = "\"swiftuilearn/Preview Content\"";
				DEVELOPMENT_TEAM = X425X55S2R;
				ENABLE_PREVIEWS = YES;
				GENERATE_INFOPLIST_FILE = YES;
				INFOPLIST_KEY_UIApplicationSceneManifest_Generation = YES;
				INFOPLIST_KEY_UIApplicationSupportsIndirectInputEvents = YES;
				INFOPLIST_KEY_UILaunchScreen_Generation = YES;
				INFOPLIST_KEY_UISupportedInterfaceOrientations_iPad = "UIInterfaceOrientationPortrait UIInterfaceOrientationPortraitUpsideDown UIInterfaceOrientationLandscapeLeft UIInterfaceOrientationLandscapeRight";
				INFOPLIST_KEY_UISupportedInterfaceOrientations_iPhone = "UIInterfaceOrientationPortrait UIInterfaceOrientationLandscapeLeft UIInterfaceOrientationLandscapeRight";
				LD_RUNPATH_SEARCH_PATHS = (
					"$(inherited)",
					"@executable_path/Frameworks",
				);
				MARKETING_VERSION = 1.0;
				PRODUCT_BUNDLE_IDENTIFIER = com.ataemirkaba.swiftuilearn;
				PRODUCT_NAME = "$(TARGET_NAME)";
				SWIFT_EMIT_LOC_STRINGS = YES;
				SWIFT_VERSION = 5.0;
				TARGETED_DEVICE_FAMILY = 1;
			};
			name = Release;
		};
/* End XCBuildConfiguration section */

/* Begin XCConfigurationList section */
		F4DB061E28BFF9AF005EEB21 /* Build configuration list for PBXProject "swiftuilearn" */ = {
			isa = XCConfigurationList;
			buildConfigurations = (
				F4DB062F28BFF9AF005EEB21 /* Debug */,
				F4DB063028BFF9AF005EEB21 /* Release */,
			);
			defaultConfigurationIsVisible = 0;
			defaultConfigurationName = Release;
		};
		F4DB063128BFF9AF005EEB21 /* Build configuration list for PBXNativeTarget "swiftuilearn" */ = {
			isa = XCConfigurationList;
			buildConfigurations = (
				F4DB063228BFF9AF005EEB21 /* Debug */,
				F4DB063328BFF9AF005EEB21 /* Release */,
			);
			defaultConfigurationIsVisible = 0;
			defaultConfigurationName = Release;
		};
/* End XCConfigurationList section */

/* Begin XCRemoteSwiftPackageReference section */
		F403CB5728D4A41E00FA0174 /* XCRemoteSwiftPackageReference "swift-log" */ = {
			isa = XCRemoteSwiftPackageReference;
			repositoryURL = "https://github.com/apple/swift-log";
			requirement = {
				kind = upToNextMajorVersion;
				minimumVersion = 1.0.0;
			};
		};
		F4AFFB9728CCA96500A6BC66 /* XCRemoteSwiftPackageReference "Kingfisher" */ = {
			isa = XCRemoteSwiftPackageReference;
			repositoryURL = "https://github.com/onevcat/Kingfisher.git";
			requirement = {
				kind = upToNextMajorVersion;
				minimumVersion = 7.0.0;
			};
		};
		F4F7CA9A28D2427E00C35C4D /* XCRemoteSwiftPackageReference "Alamofire" */ = {
			isa = XCRemoteSwiftPackageReference;
			repositoryURL = "https://github.com/Alamofire/Alamofire";
			requirement = {
				kind = upToNextMajorVersion;
				minimumVersion = 5.0.0;
			};
		};
		F4F7CA9F28D2479800C35C4D /* XCRemoteSwiftPackageReference "ActivityIndicatorView" */ = {
			isa = XCRemoteSwiftPackageReference;
			repositoryURL = "https://github.com/exyte/ActivityIndicatorView";
			requirement = {
				kind = upToNextMajorVersion;
				minimumVersion = 1.0.0;
			};
		};
/* End XCRemoteSwiftPackageReference section */

/* Begin XCSwiftPackageProductDependency section */
		F403CB5828D4A41E00FA0174 /* Logging */ = {
			isa = XCSwiftPackageProductDependency;
			package = F403CB5728D4A41E00FA0174 /* XCRemoteSwiftPackageReference "swift-log" */;
			productName = Logging;
		};
		F4AFFB9828CCA96500A6BC66 /* Kingfisher */ = {
			isa = XCSwiftPackageProductDependency;
			package = F4AFFB9728CCA96500A6BC66 /* XCRemoteSwiftPackageReference "Kingfisher" */;
			productName = Kingfisher;
		};
		F4F7CA9B28D2427E00C35C4D /* Alamofire */ = {
			isa = XCSwiftPackageProductDependency;
			package = F4F7CA9A28D2427E00C35C4D /* XCRemoteSwiftPackageReference "Alamofire" */;
			productName = Alamofire;
		};
		F4F7CAA028D2479800C35C4D /* ActivityIndicatorView */ = {
			isa = XCSwiftPackageProductDependency;
			package = F4F7CA9F28D2479800C35C4D /* XCRemoteSwiftPackageReference "ActivityIndicatorView" */;
			productName = ActivityIndicatorView;
		};
/* End XCSwiftPackageProductDependency section */
	};
	rootObject = F4DB061B28BFF9AF005EEB21 /* Project object */;
}
