// !$*UTF8*$!
{
	archiveVersion = 1;
	classes = {
	};
	objectVersion = 55;
	objects = {

/* Begin PBXBuildFile section */
		F4AFFB9928CCA96500A6BC66 /* Kingfisher in Frameworks */ = {isa = PBXBuildFile; productRef = F4AFFB9828CCA96500A6BC66 /* Kingfisher */; };
		F4AFFB9D28CCB05F00A6BC66 /* CircleTextImageView.swift in Sources */ = {isa = PBXBuildFile; fileRef = F4AFFB9C28CCB05F00A6BC66 /* CircleTextImageView.swift */; };
		F4AFFBA028CE5B3F00A6BC66 /* SampleListView.swift in Sources */ = {isa = PBXBuildFile; fileRef = F4AFFB9F28CE5B3F00A6BC66 /* SampleListView.swift */; };
		F4AFFBA328CF3B2F00A6BC66 /* ModelListView.swift in Sources */ = {isa = PBXBuildFile; fileRef = F4AFFBA228CF3B2F00A6BC66 /* ModelListView.swift */; };
		F4AFFBA528CF3B6000A6BC66 /* TweetModel.swift in Sources */ = {isa = PBXBuildFile; fileRef = F4AFFBA428CF3B6000A6BC66 /* TweetModel.swift */; };
		F4AFFBA728CF3ECE00A6BC66 /* TweetCards.swift in Sources */ = {isa = PBXBuildFile; fileRef = F4AFFBA628CF3ECE00A6BC66 /* TweetCards.swift */; };
		F4AFFBAA28CF484000A6BC66 /* NavigationUsers.swift in Sources */ = {isa = PBXBuildFile; fileRef = F4AFFBA928CF484000A6BC66 /* NavigationUsers.swift */; };
		F4AFFBAC28CF486D00A6BC66 /* NavigationUserModel.swift in Sources */ = {isa = PBXBuildFile; fileRef = F4AFFBAB28CF486D00A6BC66 /* NavigationUserModel.swift */; };
		F4AFFBAE28CF4B8100A6BC66 /* UserViewDetail.swift in Sources */ = {isa = PBXBuildFile; fileRef = F4AFFBAD28CF4B8100A6BC66 /* UserViewDetail.swift */; };
		F4AFFBB128D08F5F00A6BC66 /* CustomTabView.swift in Sources */ = {isa = PBXBuildFile; fileRef = F4AFFBB028D08F5F00A6BC66 /* CustomTabView.swift */; };
		F4AFFBB328D093CC00A6BC66 /* CustomTabIndex.swift in Sources */ = {isa = PBXBuildFile; fileRef = F4AFFBB228D093CC00A6BC66 /* CustomTabIndex.swift */; };
		F4DB062728BFF9AF005EEB21 /* swiftuilearnApp.swift in Sources */ = {isa = PBXBuildFile; fileRef = F4DB062628BFF9AF005EEB21 /* swiftuilearnApp.swift */; };
		F4DB062928BFF9AF005EEB21 /* ContentView.swift in Sources */ = {isa = PBXBuildFile; fileRef = F4DB062828BFF9AF005EEB21 /* ContentView.swift */; };
		F4DB062B28BFF9AF005EEB21 /* Assets.xcassets in Resources */ = {isa = PBXBuildFile; fileRef = F4DB062A28BFF9AF005EEB21 /* Assets.xcassets */; };
		F4DB062E28BFF9AF005EEB21 /* Preview Assets.xcassets in Resources */ = {isa = PBXBuildFile; fileRef = F4DB062D28BFF9AF005EEB21 /* Preview Assets.xcassets */; };
/* End PBXBuildFile section */

/* Begin PBXFileReference section */
		F4AFFB9C28CCB05F00A6BC66 /* CircleTextImageView.swift */ = {isa = PBXFileReference; lastKnownFileType = sourcecode.swift; path = CircleTextImageView.swift; sourceTree = "<group>"; };
		F4AFFB9F28CE5B3F00A6BC66 /* SampleListView.swift */ = {isa = PBXFileReference; lastKnownFileType = sourcecode.swift; path = SampleListView.swift; sourceTree = "<group>"; };
		F4AFFBA228CF3B2F00A6BC66 /* ModelListView.swift */ = {isa = PBXFileReference; lastKnownFileType = sourcecode.swift; path = ModelListView.swift; sourceTree = "<group>"; };
		F4AFFBA428CF3B6000A6BC66 /* TweetModel.swift */ = {isa = PBXFileReference; lastKnownFileType = sourcecode.swift; path = TweetModel.swift; sourceTree = "<group>"; };
		F4AFFBA628CF3ECE00A6BC66 /* TweetCards.swift */ = {isa = PBXFileReference; lastKnownFileType = sourcecode.swift; path = TweetCards.swift; sourceTree = "<group>"; };
		F4AFFBA928CF484000A6BC66 /* NavigationUsers.swift */ = {isa = PBXFileReference; lastKnownFileType = sourcecode.swift; path = NavigationUsers.swift; sourceTree = "<group>"; };
		F4AFFBAB28CF486D00A6BC66 /* NavigationUserModel.swift */ = {isa = PBXFileReference; lastKnownFileType = sourcecode.swift; path = NavigationUserModel.swift; sourceTree = "<group>"; };
		F4AFFBAD28CF4B8100A6BC66 /* UserViewDetail.swift */ = {isa = PBXFileReference; lastKnownFileType = sourcecode.swift; path = UserViewDetail.swift; sourceTree = "<group>"; };
		F4AFFBB028D08F5F00A6BC66 /* CustomTabView.swift */ = {isa = PBXFileReference; lastKnownFileType = sourcecode.swift; path = CustomTabView.swift; sourceTree = "<group>"; };
		F4AFFBB228D093CC00A6BC66 /* CustomTabIndex.swift */ = {isa = PBXFileReference; lastKnownFileType = sourcecode.swift; path = CustomTabIndex.swift; sourceTree = "<group>"; };
		F4DB062328BFF9AF005EEB21 /* swiftuilearn.app */ = {isa = PBXFileReference; explicitFileType = wrapper.application; includeInIndex = 0; path = swiftuilearn.app; sourceTree = BUILT_PRODUCTS_DIR; };
		F4DB062628BFF9AF005EEB21 /* swiftuilearnApp.swift */ = {isa = PBXFileReference; lastKnownFileType = sourcecode.swift; path = swiftuilearnApp.swift; sourceTree = "<group>"; };
		F4DB062828BFF9AF005EEB21 /* ContentView.swift */ = {isa = PBXFileReference; lastKnownFileType = sourcecode.swift; path = ContentView.swift; sourceTree = "<group>"; };
		F4DB062A28BFF9AF005EEB21 /* Assets.xcassets */ = {isa = PBXFileReference; lastKnownFileType = folder.assetcatalog; path = Assets.xcassets; sourceTree = "<group>"; };
		F4DB062D28BFF9AF005EEB21 /* Preview Assets.xcassets */ = {isa = PBXFileReference; lastKnownFileType = folder.assetcatalog; path = "Preview Assets.xcassets"; sourceTree = "<group>"; };
/* End PBXFileReference section */

/* Begin PBXFrameworksBuildPhase section */
		F4DB062028BFF9AF005EEB21 /* Frameworks */ = {
			isa = PBXFrameworksBuildPhase;
			buildActionMask = 2147483647;
			files = (
				F4AFFB9928CCA96500A6BC66 /* Kingfisher in Frameworks */,
			);
			runOnlyForDeploymentPostprocessing = 0;
		};
/* End PBXFrameworksBuildPhase section */

/* Begin PBXGroup section */
		F4AFFB9A28CCAE1E00A6BC66 /* View */ = {
			isa = PBXGroup;
			children = (
				F4AFFB9B28CCB00600A6BC66 /* Circle */,
			);
			path = View;
			sourceTree = "<group>";
		};
		F4AFFB9B28CCB00600A6BC66 /* Circle */ = {
			isa = PBXGroup;
			children = (
				F4AFFB9C28CCB05F00A6BC66 /* CircleTextImageView.swift */,
			);
			path = Circle;
			sourceTree = "<group>";
		};
		F4AFFB9E28CE5B2400A6BC66 /* Features */ = {
			isa = PBXGroup;
			children = (
				F4AFFBAF28D08F4800A6BC66 /* CustomTabView */,
				F4AFFBA828CF481E00A6BC66 /* Navigation */,
				F4AFFBA128CF3B1D00A6BC66 /* ModelList */,
				F4AFFB9F28CE5B3F00A6BC66 /* SampleListView.swift */,
			);
			path = Features;
			sourceTree = "<group>";
		};
		F4AFFBA128CF3B1D00A6BC66 /* ModelList */ = {
			isa = PBXGroup;
			children = (
				F4AFFBA228CF3B2F00A6BC66 /* ModelListView.swift */,
				F4AFFBA428CF3B6000A6BC66 /* TweetModel.swift */,
				F4AFFBA628CF3ECE00A6BC66 /* TweetCards.swift */,
			);
			path = ModelList;
			sourceTree = "<group>";
		};
		F4AFFBA828CF481E00A6BC66 /* Navigation */ = {
			isa = PBXGroup;
			children = (
				F4AFFBA928CF484000A6BC66 /* NavigationUsers.swift */,
				F4AFFBAB28CF486D00A6BC66 /* NavigationUserModel.swift */,
				F4AFFBAD28CF4B8100A6BC66 /* UserViewDetail.swift */,
			);
			path = Navigation;
			sourceTree = "<group>";
		};
		F4AFFBAF28D08F4800A6BC66 /* CustomTabView */ = {
			isa = PBXGroup;
			children = (
				F4AFFBB028D08F5F00A6BC66 /* CustomTabView.swift */,
				F4AFFBB228D093CC00A6BC66 /* CustomTabIndex.swift */,
			);
			path = CustomTabView;
			sourceTree = "<group>";
		};
		F4DB061A28BFF9AF005EEB21 = {
			isa = PBXGroup;
			children = (
				F4DB062528BFF9AF005EEB21 /* swiftuilearn */,
				F4DB062428BFF9AF005EEB21 /* Products */,
			);
			sourceTree = "<group>";
		};
		F4DB062428BFF9AF005EEB21 /* Products */ = {
			isa = PBXGroup;
			children = (
				F4DB062328BFF9AF005EEB21 /* swiftuilearn.app */,
			);
			name = Products;
			sourceTree = "<group>";
		};
		F4DB062528BFF9AF005EEB21 /* swiftuilearn */ = {
			isa = PBXGroup;
			children = (
				F4AFFB9E28CE5B2400A6BC66 /* Features */,
				F4AFFB9A28CCAE1E00A6BC66 /* View */,
				F4DB062628BFF9AF005EEB21 /* swiftuilearnApp.swift */,
				F4DB062828BFF9AF005EEB21 /* ContentView.swift */,
				F4DB062A28BFF9AF005EEB21 /* Assets.xcassets */,
				F4DB062C28BFF9AF005EEB21 /* Preview Content */,
			);
			path = swiftuilearn;
			sourceTree = "<group>";
		};
		F4DB062C28BFF9AF005EEB21 /* Preview Content */ = {
			isa = PBXGroup;
			children = (
				F4DB062D28BFF9AF005EEB21 /* Preview Assets.xcassets */,
			);
			path = "Preview Content";
			sourceTree = "<group>";
		};
/* End PBXGroup section */

/* Begin PBXNativeTarget section */
		F4DB062228BFF9AF005EEB21 /* swiftuilearn */ = {
			isa = PBXNativeTarget;
			buildConfigurationList = F4DB063128BFF9AF005EEB21 /* Build configuration list for PBXNativeTarget "swiftuilearn" */;
			buildPhases = (
				F4DB061F28BFF9AF005EEB21 /* Sources */,
				F4DB062028BFF9AF005EEB21 /* Frameworks */,
				F4DB062128BFF9AF005EEB21 /* Resources */,
			);
			buildRules = (
			);
			dependencies = (
			);
			name = swiftuilearn;
			packageProductDependencies = (
				F4AFFB9828CCA96500A6BC66 /* Kingfisher */,
			);
			productName = swiftuilearn;
			productReference = F4DB062328BFF9AF005EEB21 /* swiftuilearn.app */;
			productType = "com.apple.product-type.application";
		};
/* End PBXNativeTarget section */

/* Begin PBXProject section */
		F4DB061B28BFF9AF005EEB21 /* Project object */ = {
			isa = PBXProject;
			attributes = {
				BuildIndependentTargetsInParallel = 1;
				LastSwiftUpdateCheck = 1340;
				LastUpgradeCheck = 1340;
				TargetAttributes = {
					F4DB062228BFF9AF005EEB21 = {
						CreatedOnToolsVersion = 13.4.1;
					};
				};
			};
			buildConfigurationList = F4DB061E28BFF9AF005EEB21 /* Build configuration list for PBXProject "swiftuilearn" */;
			compatibilityVersion = "Xcode 13.0";
			developmentRegion = en;
			hasScannedForEncodings = 0;
			knownRegions = (
				en,
				Base,
			);
			mainGroup = F4DB061A28BFF9AF005EEB21;
			packageReferences = (
				F4AFFB9728CCA96500A6BC66 /* XCRemoteSwiftPackageReference "Kingfisher" */,
			);
			productRefGroup = F4DB062428BFF9AF005EEB21 /* Products */;
			projectDirPath = "";
			projectRoot = "";
			targets = (
				F4DB062228BFF9AF005EEB21 /* swiftuilearn */,
			);
		};
/* End PBXProject section */

/* Begin PBXResourcesBuildPhase section */
		F4DB062128BFF9AF005EEB21 /* Resources */ = {
			isa = PBXResourcesBuildPhase;
			buildActionMask = 2147483647;
			files = (
				F4DB062E28BFF9AF005EEB21 /* Preview Assets.xcassets in Resources */,
				F4DB062B28BFF9AF005EEB21 /* Assets.xcassets in Resources */,
			);
			runOnlyForDeploymentPostprocessing = 0;
		};
/* End PBXResourcesBuildPhase section */

/* Begin PBXSourcesBuildPhase section */
		F4DB061F28BFF9AF005EEB21 /* Sources */ = {
			isa = PBXSourcesBuildPhase;
			buildActionMask = 2147483647;
			files = (
				F4AFFBAE28CF4B8100A6BC66 /* UserViewDetail.swift in Sources */,
				F4AFFBA028CE5B3F00A6BC66 /* SampleListView.swift in Sources */,
				F4DB062928BFF9AF005EEB21 /* ContentView.swift in Sources */,
				F4AFFBAA28CF484000A6BC66 /* NavigationUsers.swift in Sources */,
				F4AFFB9D28CCB05F00A6BC66 /* CircleTextImageView.swift in Sources */,
				F4AFFBA528CF3B6000A6BC66 /* TweetModel.swift in Sources */,
				F4AFFBA728CF3ECE00A6BC66 /* TweetCards.swift in Sources */,
				F4AFFBB128D08F5F00A6BC66 /* CustomTabView.swift in Sources */,
				F4DB062728BFF9AF005EEB21 /* swiftuilearnApp.swift in Sources */,
				F4AFFBB328D093CC00A6BC66 /* CustomTabIndex.swift in Sources */,
				F4AFFBAC28CF486D00A6BC66 /* NavigationUserModel.swift in Sources */,
				F4AFFBA328CF3B2F00A6BC66 /* ModelListView.swift in Sources */,
			);
			runOnlyForDeploymentPostprocessing = 0;
		};
/* End PBXSourcesBuildPhase section */

/* Begin XCBuildConfiguration section */
		F4DB062F28BFF9AF005EEB21 /* Debug */ = {
			isa = XCBuildConfiguration;
			buildSettings = {
				ALWAYS_SEARCH_USER_PATHS = NO;
				CLANG_ANALYZER_NONNULL = YES;
				CLANG_ANALYZER_NUMBER_OBJECT_CONVERSION = YES_AGGRESSIVE;
				CLANG_CXX_LANGUAGE_STANDARD = "gnu++17";
				CLANG_ENABLE_MODULES = YES;
				CLANG_ENABLE_OBJC_ARC = YES;
				CLANG_ENABLE_OBJC_WEAK = YES;
				CLANG_WARN_BLOCK_CAPTURE_AUTORELEASING = YES;
				CLANG_WARN_BOOL_CONVERSION = YES;
				CLANG_WARN_COMMA = YES;
				CLANG_WARN_CONSTANT_CONVERSION = YES;
				CLANG_WARN_DEPRECATED_OBJC_IMPLEMENTATIONS = YES;
				CLANG_WARN_DIRECT_OBJC_ISA_USAGE = YES_ERROR;
				CLANG_WARN_DOCUMENTATION_COMMENTS = YES;
				CLANG_WARN_EMPTY_BODY = YES;
				CLANG_WARN_ENUM_CONVERSION = YES;
				CLANG_WARN_INFINITE_RECURSION = YES;
				CLANG_WARN_INT_CONVERSION = YES;
				CLANG_WARN_NON_LITERAL_NULL_CONVERSION = YES;
				CLANG_WARN_OBJC_IMPLICIT_RETAIN_SELF = YES;
				CLANG_WARN_OBJC_LITERAL_CONVERSION = YES;
				CLANG_WARN_OBJC_ROOT_CLASS = YES_ERROR;
				CLANG_WARN_QUOTED_INCLUDE_IN_FRAMEWORK_HEADER = YES;
				CLANG_WARN_RANGE_LOOP_ANALYSIS = YES;
				CLANG_WARN_STRICT_PROTOTYPES = YES;
				CLANG_WARN_SUSPICIOUS_MOVE = YES;
				CLANG_WARN_UNGUARDED_AVAILABILITY = YES_AGGRESSIVE;
				CLANG_WARN_UNREACHABLE_CODE = YES;
				CLANG_WARN__DUPLICATE_METHOD_MATCH = YES;
				COPY_PHASE_STRIP = NO;
				DEBUG_INFORMATION_FORMAT = dwarf;
				ENABLE_STRICT_OBJC_MSGSEND = YES;
				ENABLE_TESTABILITY = YES;
				GCC_C_LANGUAGE_STANDARD = gnu11;
				GCC_DYNAMIC_NO_PIC = NO;
				GCC_NO_COMMON_BLOCKS = YES;
				GCC_OPTIMIZATION_LEVEL = 0;
				GCC_PREPROCESSOR_DEFINITIONS = (
					"DEBUG=1",
					"$(inherited)",
				);
				GCC_WARN_64_TO_32_BIT_CONVERSION = YES;
				GCC_WARN_ABOUT_RETURN_TYPE = YES_ERROR;
				GCC_WARN_UNDECLARED_SELECTOR = YES;
				GCC_WARN_UNINITIALIZED_AUTOS = YES_AGGRESSIVE;
				GCC_WARN_UNUSED_FUNCTION = YES;
				GCC_WARN_UNUSED_VARIABLE = YES;
				IPHONEOS_DEPLOYMENT_TARGET = 15.5;
				MTL_ENABLE_DEBUG_INFO = INCLUDE_SOURCE;
				MTL_FAST_MATH = YES;
				ONLY_ACTIVE_ARCH = YES;
				SDKROOT = iphoneos;
				SWIFT_ACTIVE_COMPILATION_CONDITIONS = DEBUG;
				SWIFT_OPTIMIZATION_LEVEL = "-Onone";
			};
			name = Debug;
		};
		F4DB063028BFF9AF005EEB21 /* Release */ = {
			isa = XCBuildConfiguration;
			buildSettings = {
				ALWAYS_SEARCH_USER_PATHS = NO;
				CLANG_ANALYZER_NONNULL = YES;
				CLANG_ANALYZER_NUMBER_OBJECT_CONVERSION = YES_AGGRESSIVE;
				CLANG_CXX_LANGUAGE_STANDARD = "gnu++17";
				CLANG_ENABLE_MODULES = YES;
				CLANG_ENABLE_OBJC_ARC = YES;
				CLANG_ENABLE_OBJC_WEAK = YES;
				CLANG_WARN_BLOCK_CAPTURE_AUTORELEASING = YES;
				CLANG_WARN_BOOL_CONVERSION = YES;
				CLANG_WARN_COMMA = YES;
				CLANG_WARN_CONSTANT_CONVERSION = YES;
				CLANG_WARN_DEPRECATED_OBJC_IMPLEMENTATIONS = YES;
				CLANG_WARN_DIRECT_OBJC_ISA_USAGE = YES_ERROR;
				CLANG_WARN_DOCUMENTATION_COMMENTS = YES;
				CLANG_WARN_EMPTY_BODY = YES;
				CLANG_WARN_ENUM_CONVERSION = YES;
				CLANG_WARN_INFINITE_RECURSION = YES;
				CLANG_WARN_INT_CONVERSION = YES;
				CLANG_WARN_NON_LITERAL_NULL_CONVERSION = YES;
				CLANG_WARN_OBJC_IMPLICIT_RETAIN_SELF = YES;
				CLANG_WARN_OBJC_LITERAL_CONVERSION = YES;
				CLANG_WARN_OBJC_ROOT_CLASS = YES_ERROR;
				CLANG_WARN_QUOTED_INCLUDE_IN_FRAMEWORK_HEADER = YES;
				CLANG_WARN_RANGE_LOOP_ANALYSIS = YES;
				CLANG_WARN_STRICT_PROTOTYPES = YES;
				CLANG_WARN_SUSPICIOUS_MOVE = YES;
				CLANG_WARN_UNGUARDED_AVAILABILITY = YES_AGGRESSIVE;
				CLANG_WARN_UNREACHABLE_CODE = YES;
				CLANG_WARN__DUPLICATE_METHOD_MATCH = YES;
				COPY_PHASE_STRIP = NO;
				DEBUG_INFORMATION_FORMAT = "dwarf-with-dsym";
				ENABLE_NS_ASSERTIONS = NO;
				ENABLE_STRICT_OBJC_MSGSEND = YES;
				GCC_C_LANGUAGE_STANDARD = gnu11;
				GCC_NO_COMMON_BLOCKS = YES;
				GCC_WARN_64_TO_32_BIT_CONVERSION = YES;
				GCC_WARN_ABOUT_RETURN_TYPE = YES_ERROR;
				GCC_WARN_UNDECLARED_SELECTOR = YES;
				GCC_WARN_UNINITIALIZED_AUTOS = YES_AGGRESSIVE;
				GCC_WARN_UNUSED_FUNCTION = YES;
				GCC_WARN_UNUSED_VARIABLE = YES;
				IPHONEOS_DEPLOYMENT_TARGET = 15.5;
				MTL_ENABLE_DEBUG_INFO = NO;
				MTL_FAST_MATH = YES;
				SDKROOT = iphoneos;
				SWIFT_COMPILATION_MODE = wholemodule;
				SWIFT_OPTIMIZATION_LEVEL = "-O";
				VALIDATE_PRODUCT = YES;
			};
			name = Release;
		};
		F4DB063228BFF9AF005EEB21 /* Debug */ = {
			isa = XCBuildConfiguration;
			buildSettings = {
				ASSETCATALOG_COMPILER_APPICON_NAME = AppIcon;
				ASSETCATALOG_COMPILER_GLOBAL_ACCENT_COLOR_NAME = AccentColor;
				CODE_SIGN_STYLE = Automatic;
				CURRENT_PROJECT_VERSION = 1;
				DEVELOPMENT_ASSET_PATHS = "\"swiftuilearn/Preview Content\"";
				DEVELOPMENT_TEAM = X425X55S2R;
				ENABLE_PREVIEWS = YES;
				GENERATE_INFOPLIST_FILE = YES;
				INFOPLIST_KEY_UIApplicationSceneManifest_Generation = YES;
				INFOPLIST_KEY_UIApplicationSupportsIndirectInputEvents = YES;
				INFOPLIST_KEY_UILaunchScreen_Generation = YES;
				INFOPLIST_KEY_UISupportedInterfaceOrientations_iPad = "UIInterfaceOrientationPortrait UIInterfaceOrientationPortraitUpsideDown UIInterfaceOrientationLandscapeLeft UIInterfaceOrientationLandscapeRight";
				INFOPLIST_KEY_UISupportedInterfaceOrientations_iPhone = "UIInterfaceOrientationPortrait UIInterfaceOrientationLandscapeLeft UIInterfaceOrientationLandscapeRight";
				LD_RUNPATH_SEARCH_PATHS = (
					"$(inherited)",
					"@executable_path/Frameworks",
				);
				MARKETING_VERSION = 1.0;
				PRODUCT_BUNDLE_IDENTIFIER = com.ataemirkaba.swiftuilearn;
				PRODUCT_NAME = "$(TARGET_NAME)";
				SWIFT_EMIT_LOC_STRINGS = YES;
				SWIFT_VERSION = 5.0;
				TARGETED_DEVICE_FAMILY = 1;
			};
			name = Debug;
		};
		F4DB063328BFF9AF005EEB21 /* Release */ = {
			isa = XCBuildConfiguration;
			buildSettings = {
				ASSETCATALOG_COMPILER_APPICON_NAME = AppIcon;
				ASSETCATALOG_COMPILER_GLOBAL_ACCENT_COLOR_NAME = AccentColor;
				CODE_SIGN_STYLE = Automatic;
				CURRENT_PROJECT_VERSION = 1;
				DEVELOPMENT_ASSET_PATHS = "\"swiftuilearn/Preview Content\"";
				DEVELOPMENT_TEAM = X425X55S2R;
				ENABLE_PREVIEWS = YES;
				GENERATE_INFOPLIST_FILE = YES;
				INFOPLIST_KEY_UIApplicationSceneManifest_Generation = YES;
				INFOPLIST_KEY_UIApplicationSupportsIndirectInputEvents = YES;
				INFOPLIST_KEY_UILaunchScreen_Generation = YES;
				INFOPLIST_KEY_UISupportedInterfaceOrientations_iPad = "UIInterfaceOrientationPortrait UIInterfaceOrientationPortraitUpsideDown UIInterfaceOrientationLandscapeLeft UIInterfaceOrientationLandscapeRight";
				INFOPLIST_KEY_UISupportedInterfaceOrientations_iPhone = "UIInterfaceOrientationPortrait UIInterfaceOrientationLandscapeLeft UIInterfaceOrientationLandscapeRight";
				LD_RUNPATH_SEARCH_PATHS = (
					"$(inherited)",
					"@executable_path/Frameworks",
				);
				MARKETING_VERSION = 1.0;
				PRODUCT_BUNDLE_IDENTIFIER = com.ataemirkaba.swiftuilearn;
				PRODUCT_NAME = "$(TARGET_NAME)";
				SWIFT_EMIT_LOC_STRINGS = YES;
				SWIFT_VERSION = 5.0;
				TARGETED_DEVICE_FAMILY = 1;
			};
			name = Release;
		};
/* End XCBuildConfiguration section */

/* Begin XCConfigurationList section */
		F4DB061E28BFF9AF005EEB21 /* Build configuration list for PBXProject "swiftuilearn" */ = {
			isa = XCConfigurationList;
			buildConfigurations = (
				F4DB062F28BFF9AF005EEB21 /* Debug */,
				F4DB063028BFF9AF005EEB21 /* Release */,
			);
			defaultConfigurationIsVisible = 0;
			defaultConfigurationName = Release;
		};
		F4DB063128BFF9AF005EEB21 /* Build configuration list for PBXNativeTarget "swiftuilearn" */ = {
			isa = XCConfigurationList;
			buildConfigurations = (
				F4DB063228BFF9AF005EEB21 /* Debug */,
				F4DB063328BFF9AF005EEB21 /* Release */,
			);
			defaultConfigurationIsVisible = 0;
			defaultConfigurationName = Release;
		};
/* End XCConfigurationList section */

/* Begin XCRemoteSwiftPackageReference section */
		F4AFFB9728CCA96500A6BC66 /* XCRemoteSwiftPackageReference "Kingfisher" */ = {
			isa = XCRemoteSwiftPackageReference;
			repositoryURL = "https://github.com/onevcat/Kingfisher.git";
			requirement = {
				kind = upToNextMajorVersion;
				minimumVersion = 7.0.0;
			};
		};
/* End XCRemoteSwiftPackageReference section */

/* Begin XCSwiftPackageProductDependency section */
		F4AFFB9828CCA96500A6BC66 /* Kingfisher */ = {
			isa = XCSwiftPackageProductDependency;
			package = F4AFFB9728CCA96500A6BC66 /* XCRemoteSwiftPackageReference "Kingfisher" */;
			productName = Kingfisher;
		};
/* End XCSwiftPackageProductDependency section */
	};
	rootObject = F4DB061B28BFF9AF005EEB21 /* Project object */;
}
